
Microsoft Visual Studio Solution File, Format Version 12.00
# Visual Studio Version 16
VisualStudioVersion = 16.0.33328.57
MinimumVisualStudioVersion = 10.0.40219.1
Project("{FAE04EC0-301F-11D3-BF4B-00C04F79EFBC}") = "TestTask", "TestTask.csproj", "{4A6948E1-DE5F-4418-885F-648DE77CB0A5}"
EndProject
Global
	GlobalSection(SolutionConfigurationPlatforms) = preSolution
		Debug|Any CPU = Debug|Any CPU
		Release|Any CPU = Release|Any CPU
	EndGlobalSection
	GlobalSection(ProjectConfigurationPlatforms) = postSolution
		{4A6948E1-DE5F-4418-885F-648DE77CB0A5}.Debug|Any CPU.ActiveCfg = Debug|Any CPU
		{4A6948E1-DE5F-4418-885F-648DE77CB0A5}.Debug|Any CPU.Build.0 = Debug|Any CPU
		{4A6948E1-DE5F-4418-885F-648DE77CB0A5}.Release|Any CPU.ActiveCfg = Release|Any CPU
		{4A6948E1-DE5F-4418-885F-648DE77CB0A5}.Release|Any CPU.Build.0 = Release|Any CPU
	EndGlobalSection
	GlobalSection(SolutionProperties) = preSolution
		HideSolutionNode = FALSE
	EndGlobalSection
	GlobalSection(ExtensibilityGlobals) = postSolution
		SolutionGuid = {26C19FE6-556E-4BC1-A48A-EE1E6A522535}
	EndGlobalSection
EndGlobal
